{
    "requires": true,
    "lockfileVersion": 1,
    "dependencies": {
        "jquery.timeliny": {
            "version": "1.0.2",
            "resolved": "https://registry.npmjs.org/jquery.timeliny/-/jquery.timeliny-1.0.2.tgz",
            "integrity": "sha512-Nkd9VA/Or+PvGOCsfE8atVLyLsaCZEOQRIgPSekTcS+oE89oPuFxgn11EusqckDGOKlCwdeXtIoUy8iqOwTwRg=="
        }
    }
}
